
Microsoft Visual Studio Solution File, Format Version 12.00
# Visual Studio 15
VisualStudioVersion = 15.0.28010.2019
MinimumVisualStudioVersion = 10.0.40219.1
Project("{FAE04EC0-301F-11D3-BF4B-00C04F79EFBC}") = "first_repository", "first_repository\first_repository.csproj", "{14914AD4-917B-4E3B-8579-246B8597A384}"
EndProject
Global
	GlobalSection(SolutionConfigurationPlatforms) = preSolution
		Debug|Any CPU = Debug|Any CPU
		Release|Any CPU = Release|Any CPU
	EndGlobalSection
	GlobalSection(ProjectConfigurationPlatforms) = postSolution
		{14914AD4-917B-4E3B-8579-246B8597A384}.Debug|Any CPU.ActiveCfg = Debug|Any CPU
		{14914AD4-917B-4E3B-8579-246B8597A384}.Debug|Any CPU.Build.0 = Debug|Any CPU
		{14914AD4-917B-4E3B-8579-246B8597A384}.Release|Any CPU.ActiveCfg = Release|Any CPU
		{14914AD4-917B-4E3B-8579-246B8597A384}.Release|Any CPU.Build.0 = Release|Any CPU
	EndGlobalSection
	GlobalSection(SolutionProperties) = preSolution
		HideSolutionNode = FALSE
	EndGlobalSection
	GlobalSection(ExtensibilityGlobals) = postSolution
		SolutionGuid = {FE56C23A-EC48-43E6-8B0B-B4023301DB72}
	EndGlobalSection
EndGlobal
